{
  "name": "daily-organizer",
  "version": "1.0.0",
  "lockfileVersion": 3,
  "requires": true,
  "packages": {
    "": {
      "name": "daily-organizer",
      "version": "1.0.0",
      "license": "ISC",
      "dependencies": {
        "@hotwired/stimulus": "^3.2.2"
      },
      "devDependencies": {
        "daisyui": "^5.0.50",
        "tailwindcss": "^4.1.11"
      }
    },
    "node_modules/@hotwired/stimulus": {
      "version": "3.2.2",
      "resolved": "https://registry.npmjs.org/@hotwired/stimulus/-/stimulus-3.2.2.tgz",
      "integrity": "sha512-eGeIqNOQpXoPAIP7tC1+1Yc1yl1xnwYqg+3mzqxyrbE5pg5YFBZcA6YoTiByJB6DKAEsiWtl6tjTJS4IYtbB7A==",
      "license": "MIT"
    },
    "node_modules/daisyui": {
      "version": "5.0.50",
      "resolved": "https://registry.npmjs.org/daisyui/-/daisyui-5.0.50.tgz",
      "integrity": "sha512-c1PweK5RI1C76q58FKvbS4jzgyNJSP6CGTQ+KkZYzADdJoERnOxFoeLfDHmQgxLpjEzlYhFMXCeodQNLCC9bow==",
      "dev": true,
      "license": "MIT",
      "funding": {
        "url": "https://github.com/saadeghi/daisyui?sponsor=1"
      }
    },
    "node_modules/tailwindcss": {
      "version": "4.1.11",
      "resolved": "https://registry.npmjs.org/tailwindcss/-/tailwindcss-4.1.11.tgz",
      "integrity": "sha512-2E9TBm6MDD/xKYe+dvJZAmg3yxIEDNRc0jwlNyDg/4Fil2QcSLjFKGVff0lAf1jjeaArlG/M75Ey/EYr/OJtBA==",
      "dev": true,
      "license": "MIT"
    }
  }
}
